
Microsoft Visual Studio Solution File, Format Version 12.00
# Visual Studio Version 17
VisualStudioVersion = 17.8.34511.84
MinimumVisualStudioVersion = 10.0.40219.1
Project("{FAE04EC0-301F-11D3-BF4B-00C04F79EFBC}") = "Caso3", "Caso3\Caso3.csproj", "{15715CE0-E44A-4ECA-A3B9-82FCE24F0D48}"
EndProject
Global
	GlobalSection(SolutionConfigurationPlatforms) = preSolution
		Debug|Any CPU = Debug|Any CPU
		Release|Any CPU = Release|Any CPU
	EndGlobalSection
	GlobalSection(ProjectConfigurationPlatforms) = postSolution
		{15715CE0-E44A-4ECA-A3B9-82FCE24F0D48}.Debug|Any CPU.ActiveCfg = Debug|Any CPU
		{15715CE0-E44A-4ECA-A3B9-82FCE24F0D48}.Debug|Any CPU.Build.0 = Debug|Any CPU
		{15715CE0-E44A-4ECA-A3B9-82FCE24F0D48}.Release|Any CPU.ActiveCfg = Release|Any CPU
		{15715CE0-E44A-4ECA-A3B9-82FCE24F0D48}.Release|Any CPU.Build.0 = Release|Any CPU
	EndGlobalSection
	GlobalSection(SolutionProperties) = preSolution
		HideSolutionNode = FALSE
	EndGlobalSection
	GlobalSection(ExtensibilityGlobals) = postSolution
		SolutionGuid = {548F15D8-1BEC-4E1D-A46C-3DD61B6D4DD4}
	EndGlobalSection
EndGlobal
